
Microsoft Visual Studio Solution File, Format Version 12.00
# Visual Studio Version 16
VisualStudioVersion = 16.0.29806.167
MinimumVisualStudioVersion = 10.0.40219.1
Project("{FAE04EC0-301F-11D3-BF4B-00C04F79EFBC}") = "HappytrakingApi", "HappytrakingApi\HappytrakingApi.csproj", "{C4AE33B2-DAC1-4A85-9107-95B896EE35F0}"
EndProject
Project("{FAE04EC0-301F-11D3-BF4B-00C04F79EFBC}") = "HappytrackingWebapp", "HappytrackingWebapp\HappytrackingWebapp.csproj", "{CEAB2AB9-3829-44A8-A2CA-156A58BD4683}"
EndProject
Global
	GlobalSection(SolutionConfigurationPlatforms) = preSolution
		Debug|Any CPU = Debug|Any CPU
		Release|Any CPU = Release|Any CPU
	EndGlobalSection
	GlobalSection(ProjectConfigurationPlatforms) = postSolution
		{C4AE33B2-DAC1-4A85-9107-95B896EE35F0}.Debug|Any CPU.ActiveCfg = Debug|Any CPU
		{C4AE33B2-DAC1-4A85-9107-95B896EE35F0}.Debug|Any CPU.Build.0 = Debug|Any CPU
		{C4AE33B2-DAC1-4A85-9107-95B896EE35F0}.Release|Any CPU.ActiveCfg = Release|Any CPU
		{C4AE33B2-DAC1-4A85-9107-95B896EE35F0}.Release|Any CPU.Build.0 = Release|Any CPU
		{CEAB2AB9-3829-44A8-A2CA-156A58BD4683}.Debug|Any CPU.ActiveCfg = Debug|Any CPU
		{CEAB2AB9-3829-44A8-A2CA-156A58BD4683}.Debug|Any CPU.Build.0 = Debug|Any CPU
		{CEAB2AB9-3829-44A8-A2CA-156A58BD4683}.Release|Any CPU.ActiveCfg = Release|Any CPU
		{CEAB2AB9-3829-44A8-A2CA-156A58BD4683}.Release|Any CPU.Build.0 = Release|Any CPU
	EndGlobalSection
	GlobalSection(SolutionProperties) = preSolution
		HideSolutionNode = FALSE
	EndGlobalSection
	GlobalSection(ExtensibilityGlobals) = postSolution
		SolutionGuid = {7F8E7FFA-9B61-43F8-8784-49CA0DA8CC9A}
	EndGlobalSection
EndGlobal
